
Microsoft Visual Studio Solution File, Format Version 12.00
# Visual Studio 15
VisualStudioVersion = 15.0.27130.2027
MinimumVisualStudioVersion = 10.0.40219.1
Project("{FAE04EC0-301F-11D3-BF4B-00C04F79EFBC}") = "E-sport", "E-sport\E-sport.csproj", "{5433A988-139C-4A51-97F6-169085C36E7B}"
EndProject
Global
	GlobalSection(SolutionConfigurationPlatforms) = preSolution
		Debug|Any CPU = Debug|Any CPU
		Release|Any CPU = Release|Any CPU
	EndGlobalSection
	GlobalSection(ProjectConfigurationPlatforms) = postSolution
		{5433A988-139C-4A51-97F6-169085C36E7B}.Debug|Any CPU.ActiveCfg = Debug|Any CPU
		{5433A988-139C-4A51-97F6-169085C36E7B}.Debug|Any CPU.Build.0 = Debug|Any CPU
		{5433A988-139C-4A51-97F6-169085C36E7B}.Release|Any CPU.ActiveCfg = Release|Any CPU
		{5433A988-139C-4A51-97F6-169085C36E7B}.Release|Any CPU.Build.0 = Release|Any CPU
	EndGlobalSection
	GlobalSection(SolutionProperties) = preSolution
		HideSolutionNode = FALSE
	EndGlobalSection
	GlobalSection(ExtensibilityGlobals) = postSolution
		SolutionGuid = {26F1E848-36AB-4D8C-BC40-93CC31C64FE2}
	EndGlobalSection
EndGlobal
